
Microsoft Visual Studio Solution File, Format Version 12.00
# Visual Studio 15
VisualStudioVersion = 15.0.28307.421
MinimumVisualStudioVersion = 10.0.40219.1
Project("{FAE04EC0-301F-11D3-BF4B-00C04F79EFBC}") = "A9", "A9\A9.csproj", "{DB3038F9-0F12-4F62-B41E-AC865BBD168B}"
EndProject
Project("{FAE04EC0-301F-11D3-BF4B-00C04F79EFBC}") = "A9Tests", "A9Tests\A9Tests.csproj", "{77A7E96E-4E5C-4ECC-8A8F-209DE62FD65E}"
EndProject
Global
	GlobalSection(SolutionConfigurationPlatforms) = preSolution
		Debug|Any CPU = Debug|Any CPU
		Release|Any CPU = Release|Any CPU
	EndGlobalSection
	GlobalSection(ProjectConfigurationPlatforms) = postSolution
		{DB3038F9-0F12-4F62-B41E-AC865BBD168B}.Debug|Any CPU.ActiveCfg = Debug|Any CPU
		{DB3038F9-0F12-4F62-B41E-AC865BBD168B}.Debug|Any CPU.Build.0 = Debug|Any CPU
		{DB3038F9-0F12-4F62-B41E-AC865BBD168B}.Release|Any CPU.ActiveCfg = Release|Any CPU
		{DB3038F9-0F12-4F62-B41E-AC865BBD168B}.Release|Any CPU.Build.0 = Release|Any CPU
		{77A7E96E-4E5C-4ECC-8A8F-209DE62FD65E}.Debug|Any CPU.ActiveCfg = Debug|Any CPU
		{77A7E96E-4E5C-4ECC-8A8F-209DE62FD65E}.Debug|Any CPU.Build.0 = Debug|Any CPU
		{77A7E96E-4E5C-4ECC-8A8F-209DE62FD65E}.Release|Any CPU.ActiveCfg = Release|Any CPU
		{77A7E96E-4E5C-4ECC-8A8F-209DE62FD65E}.Release|Any CPU.Build.0 = Release|Any CPU
	EndGlobalSection
	GlobalSection(SolutionProperties) = preSolution
		HideSolutionNode = FALSE
	EndGlobalSection
	GlobalSection(ExtensibilityGlobals) = postSolution
		SolutionGuid = {FA75F78D-B94A-4107-A1D6-D6E03821198E}
	EndGlobalSection
EndGlobal
