
Microsoft Visual Studio Solution File, Format Version 12.00
# Visual Studio 15
VisualStudioVersion = 15.0.28307.421
MinimumVisualStudioVersion = 10.0.40219.1
Project("{FAE04EC0-301F-11D3-BF4B-00C04F79EFBC}") = "A1S2", "A1S2\A1S2.csproj", "{0A4B4E09-AAD3-4136-B863-B62792B62AE3}"
EndProject
Global
	GlobalSection(SolutionConfigurationPlatforms) = preSolution
		Debug|Any CPU = Debug|Any CPU
		Release|Any CPU = Release|Any CPU
	EndGlobalSection
	GlobalSection(ProjectConfigurationPlatforms) = postSolution
		{0A4B4E09-AAD3-4136-B863-B62792B62AE3}.Debug|Any CPU.ActiveCfg = Debug|Any CPU
		{0A4B4E09-AAD3-4136-B863-B62792B62AE3}.Debug|Any CPU.Build.0 = Debug|Any CPU
		{0A4B4E09-AAD3-4136-B863-B62792B62AE3}.Release|Any CPU.ActiveCfg = Release|Any CPU
		{0A4B4E09-AAD3-4136-B863-B62792B62AE3}.Release|Any CPU.Build.0 = Release|Any CPU
	EndGlobalSection
	GlobalSection(SolutionProperties) = preSolution
		HideSolutionNode = FALSE
	EndGlobalSection
	GlobalSection(ExtensibilityGlobals) = postSolution
		SolutionGuid = {034F546A-DDD3-4C80-ACBE-0EC9EDEC3C5A}
	EndGlobalSection
EndGlobal
