
Microsoft Visual Studio Solution File, Format Version 12.00
# Visual Studio 15
VisualStudioVersion = 15.0.28307.421
MinimumVisualStudioVersion = 10.0.40219.1
Project("{FAE04EC0-301F-11D3-BF4B-00C04F79EFBC}") = "A2", "A2\A2.csproj", "{DA1FDEAD-AE80-4733-B838-468A9F9F4881}"
EndProject
Project("{FAE04EC0-301F-11D3-BF4B-00C04F79EFBC}") = "A2Tests", "A2Tests\A2Tests.csproj", "{16269AAB-5C64-497C-A09F-C025FC444BDE}"
EndProject
Global
	GlobalSection(SolutionConfigurationPlatforms) = preSolution
		Debug|Any CPU = Debug|Any CPU
		Release|Any CPU = Release|Any CPU
	EndGlobalSection
	GlobalSection(ProjectConfigurationPlatforms) = postSolution
		{DA1FDEAD-AE80-4733-B838-468A9F9F4881}.Debug|Any CPU.ActiveCfg = Debug|Any CPU
		{DA1FDEAD-AE80-4733-B838-468A9F9F4881}.Debug|Any CPU.Build.0 = Debug|Any CPU
		{DA1FDEAD-AE80-4733-B838-468A9F9F4881}.Release|Any CPU.ActiveCfg = Release|Any CPU
		{DA1FDEAD-AE80-4733-B838-468A9F9F4881}.Release|Any CPU.Build.0 = Release|Any CPU
		{16269AAB-5C64-497C-A09F-C025FC444BDE}.Debug|Any CPU.ActiveCfg = Debug|Any CPU
		{16269AAB-5C64-497C-A09F-C025FC444BDE}.Debug|Any CPU.Build.0 = Debug|Any CPU
		{16269AAB-5C64-497C-A09F-C025FC444BDE}.Release|Any CPU.ActiveCfg = Release|Any CPU
		{16269AAB-5C64-497C-A09F-C025FC444BDE}.Release|Any CPU.Build.0 = Release|Any CPU
	EndGlobalSection
	GlobalSection(SolutionProperties) = preSolution
		HideSolutionNode = FALSE
	EndGlobalSection
	GlobalSection(ExtensibilityGlobals) = postSolution
		SolutionGuid = {7BD49E1E-341A-4045-8A69-6A65D2A0AE46}
	EndGlobalSection
EndGlobal
