
Microsoft Visual Studio Solution File, Format Version 12.00
# Visual Studio 15
VisualStudioVersion = 15.0.28307.421
MinimumVisualStudioVersion = 10.0.40219.1
Project("{FAE04EC0-301F-11D3-BF4B-00C04F79EFBC}") = "A11", "A11\A11.csproj", "{77913914-C818-4E32-9ECE-AF319CA59571}"
EndProject
Project("{FAE04EC0-301F-11D3-BF4B-00C04F79EFBC}") = "A11Tests", "A11Tests\A11Tests.csproj", "{3FB44984-54A4-4771-8640-6B7630C0C809}"
EndProject
Global
	GlobalSection(SolutionConfigurationPlatforms) = preSolution
		Debug|Any CPU = Debug|Any CPU
		Release|Any CPU = Release|Any CPU
	EndGlobalSection
	GlobalSection(ProjectConfigurationPlatforms) = postSolution
		{77913914-C818-4E32-9ECE-AF319CA59571}.Debug|Any CPU.ActiveCfg = Debug|Any CPU
		{77913914-C818-4E32-9ECE-AF319CA59571}.Debug|Any CPU.Build.0 = Debug|Any CPU
		{77913914-C818-4E32-9ECE-AF319CA59571}.Release|Any CPU.ActiveCfg = Release|Any CPU
		{77913914-C818-4E32-9ECE-AF319CA59571}.Release|Any CPU.Build.0 = Release|Any CPU
		{3FB44984-54A4-4771-8640-6B7630C0C809}.Debug|Any CPU.ActiveCfg = Debug|Any CPU
		{3FB44984-54A4-4771-8640-6B7630C0C809}.Debug|Any CPU.Build.0 = Debug|Any CPU
		{3FB44984-54A4-4771-8640-6B7630C0C809}.Release|Any CPU.ActiveCfg = Release|Any CPU
		{3FB44984-54A4-4771-8640-6B7630C0C809}.Release|Any CPU.Build.0 = Release|Any CPU
	EndGlobalSection
	GlobalSection(SolutionProperties) = preSolution
		HideSolutionNode = FALSE
	EndGlobalSection
	GlobalSection(ExtensibilityGlobals) = postSolution
		SolutionGuid = {C3E323A8-2A8E-4A85-A1C6-4BF8FE43A1B7}
	EndGlobalSection
EndGlobal
