
Microsoft Visual Studio Solution File, Format Version 12.00
# Visual Studio 15
VisualStudioVersion = 15.0.28307.421
MinimumVisualStudioVersion = 10.0.40219.1
Project("{FAE04EC0-301F-11D3-BF4B-00C04F79EFBC}") = "A10", "A10\A10.csproj", "{2E468F32-88D9-4864-A887-3893832A931E}"
EndProject
Project("{FAE04EC0-301F-11D3-BF4B-00C04F79EFBC}") = "A10Tests", "A10Tests\A10Tests.csproj", "{C428D37D-943E-4F76-9BB8-5B3B43774B85}"
EndProject
Global
	GlobalSection(SolutionConfigurationPlatforms) = preSolution
		Debug|Any CPU = Debug|Any CPU
		Release|Any CPU = Release|Any CPU
	EndGlobalSection
	GlobalSection(ProjectConfigurationPlatforms) = postSolution
		{2E468F32-88D9-4864-A887-3893832A931E}.Debug|Any CPU.ActiveCfg = Debug|Any CPU
		{2E468F32-88D9-4864-A887-3893832A931E}.Debug|Any CPU.Build.0 = Debug|Any CPU
		{2E468F32-88D9-4864-A887-3893832A931E}.Release|Any CPU.ActiveCfg = Release|Any CPU
		{2E468F32-88D9-4864-A887-3893832A931E}.Release|Any CPU.Build.0 = Release|Any CPU
		{C428D37D-943E-4F76-9BB8-5B3B43774B85}.Debug|Any CPU.ActiveCfg = Debug|Any CPU
		{C428D37D-943E-4F76-9BB8-5B3B43774B85}.Debug|Any CPU.Build.0 = Debug|Any CPU
		{C428D37D-943E-4F76-9BB8-5B3B43774B85}.Release|Any CPU.ActiveCfg = Release|Any CPU
		{C428D37D-943E-4F76-9BB8-5B3B43774B85}.Release|Any CPU.Build.0 = Release|Any CPU
	EndGlobalSection
	GlobalSection(SolutionProperties) = preSolution
		HideSolutionNode = FALSE
	EndGlobalSection
	GlobalSection(ExtensibilityGlobals) = postSolution
		SolutionGuid = {2164FF1F-DBCB-45AD-B04C-6F17BB13743E}
	EndGlobalSection
EndGlobal
