
Microsoft Visual Studio Solution File, Format Version 12.00
# Visual Studio 15
VisualStudioVersion = 15.0.28307.421
MinimumVisualStudioVersion = 10.0.40219.1
Project("{FAE04EC0-301F-11D3-BF4B-00C04F79EFBC}") = "P1", "P1\P1.csproj", "{FBAD9892-1A49-4B19-8358-5E0212BEE1F1}"
EndProject
Global
	GlobalSection(SolutionConfigurationPlatforms) = preSolution
		Debug|Any CPU = Debug|Any CPU
		Release|Any CPU = Release|Any CPU
	EndGlobalSection
	GlobalSection(ProjectConfigurationPlatforms) = postSolution
		{FBAD9892-1A49-4B19-8358-5E0212BEE1F1}.Debug|Any CPU.ActiveCfg = Debug|Any CPU
		{FBAD9892-1A49-4B19-8358-5E0212BEE1F1}.Debug|Any CPU.Build.0 = Debug|Any CPU
		{FBAD9892-1A49-4B19-8358-5E0212BEE1F1}.Release|Any CPU.ActiveCfg = Release|Any CPU
		{FBAD9892-1A49-4B19-8358-5E0212BEE1F1}.Release|Any CPU.Build.0 = Release|Any CPU
	EndGlobalSection
	GlobalSection(SolutionProperties) = preSolution
		HideSolutionNode = FALSE
	EndGlobalSection
	GlobalSection(ExtensibilityGlobals) = postSolution
		SolutionGuid = {EBCF93FB-90FA-4B9D-BC03-9B811D8FCBEA}
	EndGlobalSection
EndGlobal
