
Microsoft Visual Studio Solution File, Format Version 12.00
# Visual Studio 15
VisualStudioVersion = 15.0.28307.421
MinimumVisualStudioVersion = 10.0.40219.1
Project("{FAE04EC0-301F-11D3-BF4B-00C04F79EFBC}") = "A6", "A6\A6.csproj", "{D18BFEE3-3D72-4AD8-A220-1DB0C2DC8A12}"
EndProject
Project("{FAE04EC0-301F-11D3-BF4B-00C04F79EFBC}") = "A6Tests", "A6Tests\A6Tests.csproj", "{39E08B95-5FFD-4122-BA1F-222FC8216FB4}"
EndProject
Global
	GlobalSection(SolutionConfigurationPlatforms) = preSolution
		Debug|Any CPU = Debug|Any CPU
		Release|Any CPU = Release|Any CPU
	EndGlobalSection
	GlobalSection(ProjectConfigurationPlatforms) = postSolution
		{D18BFEE3-3D72-4AD8-A220-1DB0C2DC8A12}.Debug|Any CPU.ActiveCfg = Debug|Any CPU
		{D18BFEE3-3D72-4AD8-A220-1DB0C2DC8A12}.Debug|Any CPU.Build.0 = Debug|Any CPU
		{D18BFEE3-3D72-4AD8-A220-1DB0C2DC8A12}.Release|Any CPU.ActiveCfg = Release|Any CPU
		{D18BFEE3-3D72-4AD8-A220-1DB0C2DC8A12}.Release|Any CPU.Build.0 = Release|Any CPU
		{39E08B95-5FFD-4122-BA1F-222FC8216FB4}.Debug|Any CPU.ActiveCfg = Debug|Any CPU
		{39E08B95-5FFD-4122-BA1F-222FC8216FB4}.Debug|Any CPU.Build.0 = Debug|Any CPU
		{39E08B95-5FFD-4122-BA1F-222FC8216FB4}.Release|Any CPU.ActiveCfg = Release|Any CPU
		{39E08B95-5FFD-4122-BA1F-222FC8216FB4}.Release|Any CPU.Build.0 = Release|Any CPU
	EndGlobalSection
	GlobalSection(SolutionProperties) = preSolution
		HideSolutionNode = FALSE
	EndGlobalSection
	GlobalSection(ExtensibilityGlobals) = postSolution
		SolutionGuid = {13BD8BAA-0C40-4B61-A1C0-CD97C2D306CE}
	EndGlobalSection
EndGlobal
