
Microsoft Visual Studio Solution File, Format Version 12.00
# Visual Studio 15
VisualStudioVersion = 15.0.28307.421
MinimumVisualStudioVersion = 10.0.40219.1
Project("{FAE04EC0-301F-11D3-BF4B-00C04F79EFBC}") = "E1", "E1\E1.csproj", "{F37BA934-DD46-4FB9-B9D8-D555A1750785}"
EndProject
Project("{FAE04EC0-301F-11D3-BF4B-00C04F79EFBC}") = "E1Tests", "E1Tests\E1Tests.csproj", "{F19BD32B-9F70-4C2D-B06A-DAA3E804F71F}"
EndProject
Global
	GlobalSection(SolutionConfigurationPlatforms) = preSolution
		Debug|Any CPU = Debug|Any CPU
		Release|Any CPU = Release|Any CPU
	EndGlobalSection
	GlobalSection(ProjectConfigurationPlatforms) = postSolution
		{F37BA934-DD46-4FB9-B9D8-D555A1750785}.Debug|Any CPU.ActiveCfg = Debug|Any CPU
		{F37BA934-DD46-4FB9-B9D8-D555A1750785}.Debug|Any CPU.Build.0 = Debug|Any CPU
		{F37BA934-DD46-4FB9-B9D8-D555A1750785}.Release|Any CPU.ActiveCfg = Release|Any CPU
		{F37BA934-DD46-4FB9-B9D8-D555A1750785}.Release|Any CPU.Build.0 = Release|Any CPU
		{F19BD32B-9F70-4C2D-B06A-DAA3E804F71F}.Debug|Any CPU.ActiveCfg = Debug|Any CPU
		{F19BD32B-9F70-4C2D-B06A-DAA3E804F71F}.Debug|Any CPU.Build.0 = Debug|Any CPU
		{F19BD32B-9F70-4C2D-B06A-DAA3E804F71F}.Release|Any CPU.ActiveCfg = Release|Any CPU
		{F19BD32B-9F70-4C2D-B06A-DAA3E804F71F}.Release|Any CPU.Build.0 = Release|Any CPU
	EndGlobalSection
	GlobalSection(SolutionProperties) = preSolution
		HideSolutionNode = FALSE
	EndGlobalSection
	GlobalSection(ExtensibilityGlobals) = postSolution
		SolutionGuid = {73944C07-B5C7-4CF2-B5F1-3E75732F9F29}
	EndGlobalSection
EndGlobal
