
Microsoft Visual Studio Solution File, Format Version 12.00
# Visual Studio 15
VisualStudioVersion = 15.0.28307.421
MinimumVisualStudioVersion = 10.0.40219.1
Project("{FAE04EC0-301F-11D3-BF4B-00C04F79EFBC}") = "A8", "A8\A8.csproj", "{31934326-DA7D-4495-B62D-22AC2499BBAB}"
EndProject
Project("{FAE04EC0-301F-11D3-BF4B-00C04F79EFBC}") = "A8Tests1", "A8Tests1\A8Tests1.csproj", "{6CA42B74-89EA-4BB7-AB4C-0C3AEC4CBE30}"
EndProject
Global
	GlobalSection(SolutionConfigurationPlatforms) = preSolution
		Debug|Any CPU = Debug|Any CPU
		Release|Any CPU = Release|Any CPU
	EndGlobalSection
	GlobalSection(ProjectConfigurationPlatforms) = postSolution
		{31934326-DA7D-4495-B62D-22AC2499BBAB}.Debug|Any CPU.ActiveCfg = Debug|Any CPU
		{31934326-DA7D-4495-B62D-22AC2499BBAB}.Debug|Any CPU.Build.0 = Debug|Any CPU
		{31934326-DA7D-4495-B62D-22AC2499BBAB}.Release|Any CPU.ActiveCfg = Release|Any CPU
		{31934326-DA7D-4495-B62D-22AC2499BBAB}.Release|Any CPU.Build.0 = Release|Any CPU
		{6CA42B74-89EA-4BB7-AB4C-0C3AEC4CBE30}.Debug|Any CPU.ActiveCfg = Debug|Any CPU
		{6CA42B74-89EA-4BB7-AB4C-0C3AEC4CBE30}.Debug|Any CPU.Build.0 = Debug|Any CPU
		{6CA42B74-89EA-4BB7-AB4C-0C3AEC4CBE30}.Release|Any CPU.ActiveCfg = Release|Any CPU
		{6CA42B74-89EA-4BB7-AB4C-0C3AEC4CBE30}.Release|Any CPU.Build.0 = Release|Any CPU
	EndGlobalSection
	GlobalSection(SolutionProperties) = preSolution
		HideSolutionNode = FALSE
	EndGlobalSection
	GlobalSection(ExtensibilityGlobals) = postSolution
		SolutionGuid = {59C0CEDB-51D4-4DA8-B909-38198EAD3CA4}
	EndGlobalSection
EndGlobal
